
Microsoft Visual Studio Solution File, Format Version 12.00
# Visual Studio 15
VisualStudioVersion = 15.0.26730.16
MinimumVisualStudioVersion = 10.0.40219.1
Project("{9A19103F-16F7-4668-BE54-9A1E7A4F7556}") = "Ystervark.API", "Ystervark.API\Ystervark.API.csproj", "{84D21425-150C-4E0A-87DE-0B569D27BE3D}"
EndProject
Project("{E53339B2-1760-4266-BCC7-CA923CBCF16C}") = "docker-compose", "docker-compose.dcproj", "{4875C06B-1C17-4771-B872-19BBDEC2FDA0}"
EndProject
Project("{9A19103F-16F7-4668-BE54-9A1E7A4F7556}") = "Ystervark.Models", "Ystervark.Models\Ystervark.Models.csproj", "{AD677363-BA65-4B0A-9865-63CF1E920B2E}"
EndProject
Project("{9A19103F-16F7-4668-BE54-9A1E7A4F7556}") = "Ystervark.Providers", "Ystervark.Providers\Ystervark.Providers.csproj", "{2CD76764-960D-4651-8788-BEBB0B903A6E}"
EndProject
Project("{9A19103F-16F7-4668-BE54-9A1E7A4F7556}") = "Ystervark.Mapping", "Ystervark.Mapping\Ystervark.Mapping.csproj", "{4A7A1759-3BCB-435D-8264-C87EC731C138}"
EndProject
Project("{9A19103F-16F7-4668-BE54-9A1E7A4F7556}") = "Ystervark.IoC", "Ystervark.IoC\Ystervark.IoC.csproj", "{A28301DB-0EBC-4D72-BC62-615282806FC6}"
EndProject
Project("{9A19103F-16F7-4668-BE54-9A1E7A4F7556}") = "Ystervark.Database", "Ystervark.Database\Ystervark.Database.csproj", "{A4D49921-FA96-4AA9-B430-49D84D472443}"
EndProject
Project("{9A19103F-16F7-4668-BE54-9A1E7A4F7556}") = "Ystervark.Manager", "Ystervark.Manager\Ystervark.Manager.csproj", "{C9E5D782-9DBD-448B-B67A-2A7CDB6D393F}"
EndProject
Project("{9A19103F-16F7-4668-BE54-9A1E7A4F7556}") = "Ystervark.Repository", "Ystervark.Repository\Ystervark.Repository.csproj", "{25FA4393-7804-4146-86EA-05FF93F18EFD}"
EndProject
Project("{2150E333-8FDC-42A3-9474-1A3956D46DE8}") = "FE", "FE", "{083D6313-3A97-49E4-BDE1-1B04D7F6FAB3}"
EndProject
Project("{2150E333-8FDC-42A3-9474-1A3956D46DE8}") = "BE", "BE", "{BC2E9854-5BD3-4202-9D33-7916220FAEC9}"
EndProject
Project("{9A19103F-16F7-4668-BE54-9A1E7A4F7556}") = "Ystervark.Instant", "Ystervark.Instant\Ystervark.Instant.csproj", "{39B948F4-0266-4C3A-8D4B-CD298369460E}"
EndProject
Project("{9A19103F-16F7-4668-BE54-9A1E7A4F7556}") = "Ystervark.FE", "Ystervark.FE\Ystervark.FE.csproj", "{8D9058F9-AFA0-4704-8907-F59BB3CDC6AC}"
EndProject
Project("{FAE04EC0-301F-11D3-BF4B-00C04F79EFBC}") = "Ystervarkie", "Ystervarkie\Ystervarkie.csproj", "{0910F711-A928-4CEA-BB5F-59969BDD8730}"
EndProject
Global
	GlobalSection(SolutionConfigurationPlatforms) = preSolution
		Debug|Any CPU = Debug|Any CPU
		Release|Any CPU = Release|Any CPU
	EndGlobalSection
	GlobalSection(ProjectConfigurationPlatforms) = postSolution
		{84D21425-150C-4E0A-87DE-0B569D27BE3D}.Debug|Any CPU.ActiveCfg = Debug|Any CPU
		{84D21425-150C-4E0A-87DE-0B569D27BE3D}.Debug|Any CPU.Build.0 = Debug|Any CPU
		{84D21425-150C-4E0A-87DE-0B569D27BE3D}.Release|Any CPU.ActiveCfg = Release|Any CPU
		{84D21425-150C-4E0A-87DE-0B569D27BE3D}.Release|Any CPU.Build.0 = Release|Any CPU
		{4875C06B-1C17-4771-B872-19BBDEC2FDA0}.Debug|Any CPU.ActiveCfg = Debug|Any CPU
		{4875C06B-1C17-4771-B872-19BBDEC2FDA0}.Debug|Any CPU.Build.0 = Debug|Any CPU
		{4875C06B-1C17-4771-B872-19BBDEC2FDA0}.Release|Any CPU.ActiveCfg = Release|Any CPU
		{4875C06B-1C17-4771-B872-19BBDEC2FDA0}.Release|Any CPU.Build.0 = Release|Any CPU
		{AD677363-BA65-4B0A-9865-63CF1E920B2E}.Debug|Any CPU.ActiveCfg = Debug|Any CPU
		{AD677363-BA65-4B0A-9865-63CF1E920B2E}.Debug|Any CPU.Build.0 = Debug|Any CPU
		{AD677363-BA65-4B0A-9865-63CF1E920B2E}.Release|Any CPU.ActiveCfg = Release|Any CPU
		{AD677363-BA65-4B0A-9865-63CF1E920B2E}.Release|Any CPU.Build.0 = Release|Any CPU
		{2CD76764-960D-4651-8788-BEBB0B903A6E}.Debug|Any CPU.ActiveCfg = Debug|Any CPU
		{2CD76764-960D-4651-8788-BEBB0B903A6E}.Debug|Any CPU.Build.0 = Debug|Any CPU
		{2CD76764-960D-4651-8788-BEBB0B903A6E}.Release|Any CPU.ActiveCfg = Release|Any CPU
		{2CD76764-960D-4651-8788-BEBB0B903A6E}.Release|Any CPU.Build.0 = Release|Any CPU
		{4A7A1759-3BCB-435D-8264-C87EC731C138}.Debug|Any CPU.ActiveCfg = Debug|Any CPU
		{4A7A1759-3BCB-435D-8264-C87EC731C138}.Debug|Any CPU.Build.0 = Debug|Any CPU
		{4A7A1759-3BCB-435D-8264-C87EC731C138}.Release|Any CPU.ActiveCfg = Release|Any CPU
		{4A7A1759-3BCB-435D-8264-C87EC731C138}.Release|Any CPU.Build.0 = Release|Any CPU
		{A28301DB-0EBC-4D72-BC62-615282806FC6}.Debug|Any CPU.ActiveCfg = Debug|Any CPU
		{A28301DB-0EBC-4D72-BC62-615282806FC6}.Debug|Any CPU.Build.0 = Debug|Any CPU
		{A28301DB-0EBC-4D72-BC62-615282806FC6}.Release|Any CPU.ActiveCfg = Release|Any CPU
		{A28301DB-0EBC-4D72-BC62-615282806FC6}.Release|Any CPU.Build.0 = Release|Any CPU
		{A4D49921-FA96-4AA9-B430-49D84D472443}.Debug|Any CPU.ActiveCfg = Debug|Any CPU
		{A4D49921-FA96-4AA9-B430-49D84D472443}.Debug|Any CPU.Build.0 = Debug|Any CPU
		{A4D49921-FA96-4AA9-B430-49D84D472443}.Release|Any CPU.ActiveCfg = Release|Any CPU
		{A4D49921-FA96-4AA9-B430-49D84D472443}.Release|Any CPU.Build.0 = Release|Any CPU
		{C9E5D782-9DBD-448B-B67A-2A7CDB6D393F}.Debug|Any CPU.ActiveCfg = Debug|Any CPU
		{C9E5D782-9DBD-448B-B67A-2A7CDB6D393F}.Debug|Any CPU.Build.0 = Debug|Any CPU
		{C9E5D782-9DBD-448B-B67A-2A7CDB6D393F}.Release|Any CPU.ActiveCfg = Release|Any CPU
		{C9E5D782-9DBD-448B-B67A-2A7CDB6D393F}.Release|Any CPU.Build.0 = Release|Any CPU
		{25FA4393-7804-4146-86EA-05FF93F18EFD}.Debug|Any CPU.ActiveCfg = Debug|Any CPU
		{25FA4393-7804-4146-86EA-05FF93F18EFD}.Debug|Any CPU.Build.0 = Debug|Any CPU
		{25FA4393-7804-4146-86EA-05FF93F18EFD}.Release|Any CPU.ActiveCfg = Release|Any CPU
		{25FA4393-7804-4146-86EA-05FF93F18EFD}.Release|Any CPU.Build.0 = Release|Any CPU
		{39B948F4-0266-4C3A-8D4B-CD298369460E}.Debug|Any CPU.ActiveCfg = Debug|Any CPU
		{39B948F4-0266-4C3A-8D4B-CD298369460E}.Debug|Any CPU.Build.0 = Debug|Any CPU
		{39B948F4-0266-4C3A-8D4B-CD298369460E}.Release|Any CPU.ActiveCfg = Release|Any CPU
		{39B948F4-0266-4C3A-8D4B-CD298369460E}.Release|Any CPU.Build.0 = Release|Any CPU
		{8D9058F9-AFA0-4704-8907-F59BB3CDC6AC}.Debug|Any CPU.ActiveCfg = Debug|Any CPU
		{8D9058F9-AFA0-4704-8907-F59BB3CDC6AC}.Debug|Any CPU.Build.0 = Debug|Any CPU
		{8D9058F9-AFA0-4704-8907-F59BB3CDC6AC}.Release|Any CPU.ActiveCfg = Release|Any CPU
		{8D9058F9-AFA0-4704-8907-F59BB3CDC6AC}.Release|Any CPU.Build.0 = Release|Any CPU
		{0910F711-A928-4CEA-BB5F-59969BDD8730}.Debug|Any CPU.ActiveCfg = Debug|Any CPU
		{0910F711-A928-4CEA-BB5F-59969BDD8730}.Debug|Any CPU.Build.0 = Debug|Any CPU
		{0910F711-A928-4CEA-BB5F-59969BDD8730}.Release|Any CPU.ActiveCfg = Release|Any CPU
		{0910F711-A928-4CEA-BB5F-59969BDD8730}.Release|Any CPU.Build.0 = Release|Any CPU
	EndGlobalSection
	GlobalSection(SolutionProperties) = preSolution
		HideSolutionNode = FALSE
	EndGlobalSection
	GlobalSection(NestedProjects) = preSolution
		{84D21425-150C-4E0A-87DE-0B569D27BE3D} = {BC2E9854-5BD3-4202-9D33-7916220FAEC9}
		{4875C06B-1C17-4771-B872-19BBDEC2FDA0} = {BC2E9854-5BD3-4202-9D33-7916220FAEC9}
		{AD677363-BA65-4B0A-9865-63CF1E920B2E} = {BC2E9854-5BD3-4202-9D33-7916220FAEC9}
		{2CD76764-960D-4651-8788-BEBB0B903A6E} = {BC2E9854-5BD3-4202-9D33-7916220FAEC9}
		{4A7A1759-3BCB-435D-8264-C87EC731C138} = {BC2E9854-5BD3-4202-9D33-7916220FAEC9}
		{A28301DB-0EBC-4D72-BC62-615282806FC6} = {BC2E9854-5BD3-4202-9D33-7916220FAEC9}
		{A4D49921-FA96-4AA9-B430-49D84D472443} = {BC2E9854-5BD3-4202-9D33-7916220FAEC9}
		{C9E5D782-9DBD-448B-B67A-2A7CDB6D393F} = {BC2E9854-5BD3-4202-9D33-7916220FAEC9}
		{25FA4393-7804-4146-86EA-05FF93F18EFD} = {BC2E9854-5BD3-4202-9D33-7916220FAEC9}
		{39B948F4-0266-4C3A-8D4B-CD298369460E} = {BC2E9854-5BD3-4202-9D33-7916220FAEC9}
		{8D9058F9-AFA0-4704-8907-F59BB3CDC6AC} = {083D6313-3A97-49E4-BDE1-1B04D7F6FAB3}
		{0910F711-A928-4CEA-BB5F-59969BDD8730} = {083D6313-3A97-49E4-BDE1-1B04D7F6FAB3}
	EndGlobalSection
	GlobalSection(ExtensibilityGlobals) = postSolution
		SolutionGuid = {7ADDE784-A01A-45AF-A401-A57B2DE6BAA5}
	EndGlobalSection
EndGlobal
